
Microsoft Visual Studio Solution File, Format Version 12.00
# Visual Studio 2012
Project("{FAE04EC0-301F-11D3-BF4B-00C04F79EFBC}") = "SS.Ynote.Classic", "SS.Ynote.Classic\SS.Ynote.Classic.csproj", "{B141123B-C436-45C9-BEE2-B9FEE4352F8B}"
	ProjectSection(ProjectDependencies) = postProject
		{08C5FE8E-A1AE-407E-A243-36F6D4EDC5E5} = {08C5FE8E-A1AE-407E-A243-36F6D4EDC5E5}
		{C75532C4-765B-418E-B09B-46D36B2ABDB1} = {C75532C4-765B-418E-B09B-46D36B2ABDB1}
	EndProjectSection
EndProject
Project("{FAE04EC0-301F-11D3-BF4B-00C04F79EFBC}") = "FastColoredTextBox", "FastColoredTextBox-master\FastColoredTextBox.csproj", "{6DD14A85-CCFC-4774-BD26-0F5772512319}"
EndProject
Project("{FAE04EC0-301F-11D3-BF4B-00C04F79EFBC}") = "Utilities", "Utilities\Utilities.csproj", "{08C5FE8E-A1AE-407E-A243-36F6D4EDC5E5}"
EndProject
Project("{FAE04EC0-301F-11D3-BF4B-00C04F79EFBC}") = "WinFormsUI", "DockPanelSuite\WinFormsUI.csproj", "{C75532C4-765B-418E-B09B-46D36B2ABDB1}"
EndProject
Project("{2150E333-8FDC-42A3-9474-1A3956D46DE8}") = "Solution Items", "Solution Items", "{B6629268-E7C1-424B-A212-090FC0CAB109}"
	ProjectSection(SolutionItems) = preProject
		Changelog.txt = Changelog.txt
	EndProjectSection
EndProject
Global
	GlobalSection(SolutionConfigurationPlatforms) = preSolution
		Debug|Any CPU = Debug|Any CPU
		Release|Any CPU = Release|Any CPU
	EndGlobalSection
	GlobalSection(ProjectConfigurationPlatforms) = postSolution
		{B141123B-C436-45C9-BEE2-B9FEE4352F8B}.Debug|Any CPU.ActiveCfg = Debug|Any CPU
		{B141123B-C436-45C9-BEE2-B9FEE4352F8B}.Debug|Any CPU.Build.0 = Debug|Any CPU
		{B141123B-C436-45C9-BEE2-B9FEE4352F8B}.Release|Any CPU.ActiveCfg = Release|Any CPU
		{B141123B-C436-45C9-BEE2-B9FEE4352F8B}.Release|Any CPU.Build.0 = Release|Any CPU
		{6DD14A85-CCFC-4774-BD26-0F5772512319}.Debug|Any CPU.ActiveCfg = Debug|Any CPU
		{6DD14A85-CCFC-4774-BD26-0F5772512319}.Debug|Any CPU.Build.0 = Debug|Any CPU
		{6DD14A85-CCFC-4774-BD26-0F5772512319}.Debug|Any CPU.Deploy.0 = Debug|Any CPU
		{6DD14A85-CCFC-4774-BD26-0F5772512319}.Release|Any CPU.ActiveCfg = Release|Any CPU
		{6DD14A85-CCFC-4774-BD26-0F5772512319}.Release|Any CPU.Build.0 = Release|Any CPU
		{08C5FE8E-A1AE-407E-A243-36F6D4EDC5E5}.Debug|Any CPU.ActiveCfg = Debug|Any CPU
		{08C5FE8E-A1AE-407E-A243-36F6D4EDC5E5}.Debug|Any CPU.Build.0 = Debug|Any CPU
		{08C5FE8E-A1AE-407E-A243-36F6D4EDC5E5}.Release|Any CPU.ActiveCfg = Release|Any CPU
		{08C5FE8E-A1AE-407E-A243-36F6D4EDC5E5}.Release|Any CPU.Build.0 = Release|Any CPU
		{C75532C4-765B-418E-B09B-46D36B2ABDB1}.Debug|Any CPU.ActiveCfg = Debug|Any CPU
		{C75532C4-765B-418E-B09B-46D36B2ABDB1}.Debug|Any CPU.Build.0 = Debug|Any CPU
		{C75532C4-765B-418E-B09B-46D36B2ABDB1}.Release|Any CPU.ActiveCfg = Release|Any CPU
		{C75532C4-765B-418E-B09B-46D36B2ABDB1}.Release|Any CPU.Build.0 = Release|Any CPU
	EndGlobalSection
	GlobalSection(SolutionProperties) = preSolution
		HideSolutionNode = FALSE
	EndGlobalSection
EndGlobal
